// !$*UTF8*$!
{
	archiveVersion = 1;
	classes = {
	};
	objectVersion = 46;
	objects = {

/* Begin PBXBuildFile section */
		039FF2582341B6E800400D7A /* CHANGELOG.md in Resources */ = {isa = PBXBuildFile; fileRef = 039FF2572341B6E800400D7A /* CHANGELOG.md */; };
		03FDCADA233F235500101681 /* BlackHole.icns in Resources */ = {isa = PBXBuildFile; fileRef = 03FDCAD9233F235500101681 /* BlackHole.icns */; };
		03FDCADC233FAE0500101681 /* LICENSE in Resources */ = {isa = PBXBuildFile; fileRef = 03FDCADB233FAE0500101681 /* LICENSE */; };
		2D616EF415B8C82500D598BD /* BlackHole.c in Sources */ = {isa = PBXBuildFile; fileRef = 2D616EF215B8C82500D598BD /* BlackHole.c */; };
		2D7477AD1578168D00412279 /* CoreFoundation.framework in Frameworks */ = {isa = PBXBuildFile; fileRef = 2D7477AC1578168D00412279 /* CoreFoundation.framework */; };
/* End PBXBuildFile section */

/* Begin PBXFileReference section */
		039FF2572341B6E800400D7A /* CHANGELOG.md */ = {isa = PBXFileReference; fileEncoding = 4; lastKnownFileType = net.daringfireball.markdown; path = CHANGELOG.md; sourceTree = "<group>"; };
		03FDCAD9233F235500101681 /* BlackHole.icns */ = {isa = PBXFileReference; lastKnownFileType = image.icns; path = BlackHole.icns; sourceTree = "<group>"; };
		03FDCADB233FAE0500101681 /* LICENSE */ = {isa = PBXFileReference; fileEncoding = 4; lastKnownFileType = text; path = LICENSE; sourceTree = "<group>"; };
		03FEA4BB233D27770005D277 /* BlackHole.h */ = {isa = PBXFileReference; lastKnownFileType = sourcecode.c.h; path = BlackHole.h; sourceTree = "<group>"; };
		2D616EF115B8C82500D598BD /* BlackHole-Info.plist */ = {isa = PBXFileReference; fileEncoding = 4; lastKnownFileType = text.plist.xml; path = "BlackHole-Info.plist"; sourceTree = "<group>"; };
		2D616EF215B8C82500D598BD /* BlackHole.c */ = {isa = PBXFileReference; fileEncoding = 4; lastKnownFileType = sourcecode.c.c; path = BlackHole.c; sourceTree = "<group>"; };
		2D7477A91578168D00412279 /* BlackHole.driver */ = {isa = PBXFileReference; explicitFileType = wrapper.cfbundle; includeInIndex = 0; path = BlackHole.driver; sourceTree = BUILT_PRODUCTS_DIR; };
		2D7477AC1578168D00412279 /* CoreFoundation.framework */ = {isa = PBXFileReference; lastKnownFileType = wrapper.framework; name = CoreFoundation.framework; path = System/Library/Frameworks/CoreFoundation.framework; sourceTree = SDKROOT; };
		2D7477EC157823CF00412279 /* CoreAudio.framework */ = {isa = PBXFileReference; lastKnownFileType = wrapper.framework; name = CoreAudio.framework; path = System/Library/Frameworks/CoreAudio.framework; sourceTree = SDKROOT; };
		2DA8FA1515FEAAB000F04B50 /* README.md */ = {isa = PBXFileReference; lastKnownFileType = net.daringfireball.markdown; path = README.md; sourceTree = "<group>"; };
		2DD7AA9915EC572000C67AE1 /* IOKit.framework */ = {isa = PBXFileReference; lastKnownFileType = wrapper.framework; name = IOKit.framework; path = System/Library/Frameworks/IOKit.framework; sourceTree = SDKROOT; };
		2DED183A15C357180091BE97 /* Kernel.framework */ = {isa = PBXFileReference; lastKnownFileType = wrapper.framework; name = Kernel.framework; path = System/Library/Frameworks/Kernel.framework; sourceTree = SDKROOT; };
/* End PBXFileReference section */

/* Begin PBXFrameworksBuildPhase section */
		2D7477A61578168D00412279 /* Frameworks */ = {
			isa = PBXFrameworksBuildPhase;
			buildActionMask = 2147483647;
			files = (
				2D7477AD1578168D00412279 /* CoreFoundation.framework in Frameworks */,
			);
			runOnlyForDeploymentPostprocessing = 0;
		};
/* End PBXFrameworksBuildPhase section */

/* Begin PBXGroup section */
		2D616EF015B8C82500D598BD /* BlackHole */ = {
			isa = PBXGroup;
			children = (
				03FDCAD9233F235500101681 /* BlackHole.icns */,
				2D616EF115B8C82500D598BD /* BlackHole-Info.plist */,
				03FEA4BB233D27770005D277 /* BlackHole.h */,
				2D616EF215B8C82500D598BD /* BlackHole.c */,
			);
			path = BlackHole;
			sourceTree = "<group>";
		};
		2D74779B1578162B00412279 = {
			isa = PBXGroup;
			children = (
				2DA8FA1515FEAAB000F04B50 /* README.md */,
				03FDCADB233FAE0500101681 /* LICENSE */,
				039FF2572341B6E800400D7A /* CHANGELOG.md */,
				2D616EF015B8C82500D598BD /* BlackHole */,
				2D7477AB1578168D00412279 /* Frameworks */,
				2D7477AA1578168D00412279 /* Products */,
			);
			sourceTree = "<group>";
		};
		2D7477AA1578168D00412279 /* Products */ = {
			isa = PBXGroup;
			children = (
				2D7477A91578168D00412279 /* BlackHole.driver */,
			);
			name = Products;
			sourceTree = "<group>";
		};
		2D7477AB1578168D00412279 /* Frameworks */ = {
			isa = PBXGroup;
			children = (
				2D7477EC157823CF00412279 /* CoreAudio.framework */,
				2D7477AC1578168D00412279 /* CoreFoundation.framework */,
				2DD7AA9915EC572000C67AE1 /* IOKit.framework */,
				2DED183A15C357180091BE97 /* Kernel.framework */,
			);
			name = Frameworks;
			sourceTree = "<group>";
		};
/* End PBXGroup section */

/* Begin PBXNativeTarget section */
		2D7477A81578168D00412279 /* BlackHole */ = {
			isa = PBXNativeTarget;
			buildConfigurationList = 2D7477B51578168D00412279 /* Build configuration list for PBXNativeTarget "BlackHole" */;
			buildPhases = (
				2D7477A51578168D00412279 /* Sources */,
				2D7477A61578168D00412279 /* Frameworks */,
				2D46CA7A17D6ADC500049D4A /* Resources */,
			);
			buildRules = (
			);
			dependencies = (
			);
			name = BlackHole;
			productName = AudioNULLDriver;
			productReference = 2D7477A91578168D00412279 /* BlackHole.driver */;
			productType = "com.apple.product-type.bundle";
		};
/* End PBXNativeTarget section */

/* Begin PBXProject section */
		2D74779D1578162B00412279 /* Project object */ = {
			isa = PBXProject;
			attributes = {
				LastUpgradeCheck = 1030;
				TargetAttributes = {
					2D7477A81578168D00412279 = {
						DevelopmentTeam = Q5C99V536K;
					};
				};
			};
			buildConfigurationList = 2D7477A01578162B00412279 /* Build configuration list for PBXProject "BlackHole" */;
			compatibilityVersion = "Xcode 3.2";
			developmentRegion = en;
			hasScannedForEncodings = 0;
			knownRegions = (
				en,
				Base,
			);
			mainGroup = 2D74779B1578162B00412279;
			productRefGroup = 2D7477AA1578168D00412279 /* Products */;
			projectDirPath = "";
			projectRoot = "";
			targets = (
				2D7477A81578168D00412279 /* BlackHole */,
			);
		};
/* End PBXProject section */

/* Begin PBXResourcesBuildPhase section */
		2D46CA7A17D6ADC500049D4A /* Resources */ = {
			isa = PBXResourcesBuildPhase;
			buildActionMask = 2147483647;
			files = (
				03FDCADC233FAE0500101681 /* LICENSE in Resources */,
				03FDCADA233F235500101681 /* BlackHole.icns in Resources */,
				039FF2582341B6E800400D7A /* CHANGELOG.md in Resources */,
			);
			runOnlyForDeploymentPostprocessing = 0;
		};
/* End PBXResourcesBuildPhase section */

/* Begin PBXSourcesBuildPhase section */
		2D7477A51578168D00412279 /* Sources */ = {
			isa = PBXSourcesBuildPhase;
			buildActionMask = 2147483647;
			files = (
				2D616EF415B8C82500D598BD /* BlackHole.c in Sources */,
			);
			runOnlyForDeploymentPostprocessing = 0;
		};
/* End PBXSourcesBuildPhase section */

/* Begin XCBuildConfiguration section */
		2D7477A21578162B00412279 /* Release */ = {
			isa = XCBuildConfiguration;
			buildSettings = {
				CLANG_ANALYZER_LOCALIZABILITY_NONLOCALIZED = YES;
				CLANG_CXX_LANGUAGE_STANDARD = "c++0x";
				CLANG_CXX_LIBRARY = "libc++";
				CLANG_WARN_BLOCK_CAPTURE_AUTORELEASING = YES;
				CLANG_WARN_BOOL_CONVERSION = YES;
				CLANG_WARN_COMMA = YES;
				CLANG_WARN_CONSTANT_CONVERSION = YES;
				CLANG_WARN_DEPRECATED_OBJC_IMPLEMENTATIONS = YES;
				CLANG_WARN_EMPTY_BODY = YES;
				CLANG_WARN_ENUM_CONVERSION = YES;
				CLANG_WARN_IMPLICIT_SIGN_CONVERSION = NO;
				CLANG_WARN_INFINITE_RECURSION = YES;
				CLANG_WARN_INT_CONVERSION = YES;
				CLANG_WARN_NON_LITERAL_NULL_CONVERSION = YES;
				CLANG_WARN_OBJC_IMPLICIT_RETAIN_SELF = YES;
				CLANG_WARN_OBJC_LITERAL_CONVERSION = YES;
				CLANG_WARN_RANGE_LOOP_ANALYSIS = YES;
				CLANG_WARN_STRICT_PROTOTYPES = YES;
				CLANG_WARN_SUSPICIOUS_MOVE = YES;
				CLANG_WARN_UNREACHABLE_CODE = YES;
				CLANG_WARN__DUPLICATE_METHOD_MATCH = YES;
				CLANG_WARN__EXIT_TIME_DESTRUCTORS = YES;
				DEAD_CODE_STRIPPING = YES;
				DEBUG_INFORMATION_FORMAT = "dwarf-with-dsym";
				ENABLE_STRICT_OBJC_MSGSEND = YES;
				GCC_NO_COMMON_BLOCKS = YES;
				GCC_OPTIMIZATION_LEVEL = s;
				GCC_WARN_64_TO_32_BIT_CONVERSION = YES;
				GCC_WARN_ABOUT_MISSING_FIELD_INITIALIZERS = YES;
				GCC_WARN_ABOUT_MISSING_NEWLINE = YES;
				GCC_WARN_ABOUT_MISSING_PROTOTYPES = YES;
				GCC_WARN_ABOUT_RETURN_TYPE = YES;
				GCC_WARN_HIDDEN_VIRTUAL_FUNCTIONS = YES;
				GCC_WARN_INITIALIZER_NOT_FULLY_BRACKETED = YES;
				GCC_WARN_NON_VIRTUAL_DESTRUCTOR = YES;
				GCC_WARN_SHADOW = YES;
				GCC_WARN_SIGN_COMPARE = YES;
				GCC_WARN_UNDECLARED_SELECTOR = YES;
				GCC_WARN_UNINITIALIZED_AUTOS = YES;
				GCC_WARN_UNKNOWN_PRAGMAS = YES;
				GCC_WARN_UNUSED_FUNCTION = YES;
				GCC_WARN_UNUSED_LABEL = YES;
				GCC_WARN_UNUSED_PARAMETER = YES;
				GCC_WARN_UNUSED_VARIABLE = YES;
				SDKROOT = macosx;
			};
			name = Release;
		};
		2D7477A31578162B00412279 /* Debug */ = {
			isa = XCBuildConfiguration;
			buildSettings = {
				CLANG_ANALYZER_LOCALIZABILITY_NONLOCALIZED = YES;
				CLANG_CXX_LANGUAGE_STANDARD = "c++0x";
				CLANG_CXX_LIBRARY = "libc++";
				CLANG_WARN_BLOCK_CAPTURE_AUTORELEASING = YES;
				CLANG_WARN_BOOL_CONVERSION = YES;
				CLANG_WARN_COMMA = YES;
				CLANG_WARN_CONSTANT_CONVERSION = YES;
				CLANG_WARN_DEPRECATED_OBJC_IMPLEMENTATIONS = YES;
				CLANG_WARN_EMPTY_BODY = YES;
				CLANG_WARN_ENUM_CONVERSION = YES;
				CLANG_WARN_IMPLICIT_SIGN_CONVERSION = NO;
				CLANG_WARN_INFINITE_RECURSION = YES;
				CLANG_WARN_INT_CONVERSION = YES;
				CLANG_WARN_NON_LITERAL_NULL_CONVERSION = YES;
				CLANG_WARN_OBJC_IMPLICIT_RETAIN_SELF = YES;
				CLANG_WARN_OBJC_LITERAL_CONVERSION = YES;
				CLANG_WARN_RANGE_LOOP_ANALYSIS = YES;
				CLANG_WARN_STRICT_PROTOTYPES = YES;
				CLANG_WARN_SUSPICIOUS_MOVE = YES;
				CLANG_WARN_UNREACHABLE_CODE = YES;
				CLANG_WARN__DUPLICATE_METHOD_MATCH = YES;
				CLANG_WARN__EXIT_TIME_DESTRUCTORS = YES;
				DEAD_CODE_STRIPPING = YES;
				DEBUG_INFORMATION_FORMAT = "dwarf-with-dsym";
				ENABLE_STRICT_OBJC_MSGSEND = YES;
				ENABLE_TESTABILITY = YES;
				GCC_NO_COMMON_BLOCKS = YES;
				GCC_OPTIMIZATION_LEVEL = 0;
				GCC_WARN_64_TO_32_BIT_CONVERSION = YES;
				GCC_WARN_ABOUT_MISSING_FIELD_INITIALIZERS = YES;
				GCC_WARN_ABOUT_MISSING_NEWLINE = YES;
				GCC_WARN_ABOUT_MISSING_PROTOTYPES = YES;
				GCC_WARN_ABOUT_RETURN_TYPE = YES;
				GCC_WARN_HIDDEN_VIRTUAL_FUNCTIONS = YES;
				GCC_WARN_INITIALIZER_NOT_FULLY_BRACKETED = YES;
				GCC_WARN_NON_VIRTUAL_DESTRUCTOR = YES;
				GCC_WARN_SHADOW = YES;
				GCC_WARN_SIGN_COMPARE = YES;
				GCC_WARN_UNDECLARED_SELECTOR = YES;
				GCC_WARN_UNINITIALIZED_AUTOS = YES;
				GCC_WARN_UNKNOWN_PRAGMAS = YES;
				GCC_WARN_UNUSED_FUNCTION = YES;
				GCC_WARN_UNUSED_LABEL = YES;
				GCC_WARN_UNUSED_PARAMETER = YES;
				GCC_WARN_UNUSED_VARIABLE = YES;
				ONLY_ACTIVE_ARCH = YES;
				SDKROOT = macosx;
			};
			name = Debug;
		};
		2D7477A41578164E00412279 /* Debug-Opt */ = {
			isa = XCBuildConfiguration;
			buildSettings = {
				CLANG_ANALYZER_LOCALIZABILITY_NONLOCALIZED = YES;
				CLANG_CXX_LANGUAGE_STANDARD = "c++0x";
				CLANG_CXX_LIBRARY = "libc++";
				CLANG_WARN_BLOCK_CAPTURE_AUTORELEASING = YES;
				CLANG_WARN_BOOL_CONVERSION = YES;
				CLANG_WARN_COMMA = YES;
				CLANG_WARN_CONSTANT_CONVERSION = YES;
				CLANG_WARN_DEPRECATED_OBJC_IMPLEMENTATIONS = YES;
				CLANG_WARN_EMPTY_BODY = YES;
				CLANG_WARN_ENUM_CONVERSION = YES;
				CLANG_WARN_IMPLICIT_SIGN_CONVERSION = NO;
				CLANG_WARN_INFINITE_RECURSION = YES;
				CLANG_WARN_INT_CONVERSION = YES;
				CLANG_WARN_NON_LITERAL_NULL_CONVERSION = YES;
				CLANG_WARN_OBJC_IMPLICIT_RETAIN_SELF = YES;
				CLANG_WARN_OBJC_LITERAL_CONVERSION = YES;
				CLANG_WARN_RANGE_LOOP_ANALYSIS = YES;
				CLANG_WARN_STRICT_PROTOTYPES = YES;
				CLANG_WARN_SUSPICIOUS_MOVE = YES;
				CLANG_WARN_UNREACHABLE_CODE = YES;
				CLANG_WARN__DUPLICATE_METHOD_MATCH = YES;
				CLANG_WARN__EXIT_TIME_DESTRUCTORS = YES;
				DEAD_CODE_STRIPPING = YES;
				DEBUG_INFORMATION_FORMAT = "dwarf-with-dsym";
				ENABLE_STRICT_OBJC_MSGSEND = YES;
				ENABLE_TESTABILITY = YES;
				GCC_NO_COMMON_BLOCKS = YES;
				GCC_OPTIMIZATION_LEVEL = s;
				GCC_WARN_64_TO_32_BIT_CONVERSION = YES;
				GCC_WARN_ABOUT_MISSING_FIELD_INITIALIZERS = YES;
				GCC_WARN_ABOUT_MISSING_NEWLINE = YES;
				GCC_WARN_ABOUT_MISSING_PROTOTYPES = YES;
				GCC_WARN_ABOUT_RETURN_TYPE = YES;
				GCC_WARN_HIDDEN_VIRTUAL_FUNCTIONS = YES;
				GCC_WARN_INITIALIZER_NOT_FULLY_BRACKETED = YES;
				GCC_WARN_NON_VIRTUAL_DESTRUCTOR = YES;
				GCC_WARN_SHADOW = YES;
				GCC_WARN_SIGN_COMPARE = YES;
				GCC_WARN_UNDECLARED_SELECTOR = YES;
				GCC_WARN_UNINITIALIZED_AUTOS = YES;
				GCC_WARN_UNKNOWN_PRAGMAS = YES;
				GCC_WARN_UNUSED_FUNCTION = YES;
				GCC_WARN_UNUSED_LABEL = YES;
				GCC_WARN_UNUSED_PARAMETER = YES;
				GCC_WARN_UNUSED_VARIABLE = YES;
				ONLY_ACTIVE_ARCH = YES;
				SDKROOT = macosx;
			};
			name = "Debug-Opt";
		};
		2D7477B61578168D00412279 /* Release */ = {
			isa = XCBuildConfiguration;
			buildSettings = {
				ALWAYS_SEARCH_USER_PATHS = NO;
				CLANG_ENABLE_OBJC_WEAK = YES;
				DEVELOPMENT_TEAM = Q5C99V536K;
				GCC_PREPROCESSOR_DEFINITIONS = (
					"$(inherited)",
					"DEBUG=0",
				);
				INFOPLIST_FILE = "$(SRCROOT)/BlackHole/BlackHole-Info.plist";
				INSTALL_PATH = "$(LOCAL_LIBRARY_DIR)/Audio/Plug-Ins/HAL";
				MACOSX_DEPLOYMENT_TARGET = 10.10;
				MARKETING_VERSION = 0.2.7;
				PRODUCT_BUNDLE_IDENTIFIER = audio.existential.BlackHole;
				PRODUCT_NAME = "$(TARGET_NAME)";
				WRAPPER_EXTENSION = driver;
			};
			name = Release;
		};
		2D7477B71578168D00412279 /* Debug */ = {
			isa = XCBuildConfiguration;
			buildSettings = {
				ALWAYS_SEARCH_USER_PATHS = NO;
				CLANG_ENABLE_OBJC_WEAK = YES;
				DEVELOPMENT_TEAM = Q5C99V536K;
				GCC_PREPROCESSOR_DEFINITIONS = (
					"$(inherited)",
					"DEBUG=1",
				);
				INFOPLIST_FILE = "$(SRCROOT)/BlackHole/BlackHole-Info.plist";
				INSTALL_PATH = "$(LOCAL_LIBRARY_DIR)/Audio/Plug-Ins/HAL";
				MACOSX_DEPLOYMENT_TARGET = 10.10;
				MARKETING_VERSION = 0.2.7;
				PRODUCT_BUNDLE_IDENTIFIER = audio.existential.BlackHole;
				PRODUCT_NAME = "$(TARGET_NAME)";
				WRAPPER_EXTENSION = driver;
			};
			name = Debug;
		};
		2D7477B81578168D00412279 /* Debug-Opt */ = {
			isa = XCBuildConfiguration;
			buildSettings = {
				ALWAYS_SEARCH_USER_PATHS = NO;
				CLANG_ENABLE_OBJC_WEAK = YES;
				DEVELOPMENT_TEAM = Q5C99V536K;
				GCC_PREPROCESSOR_DEFINITIONS = (
					"$(inherited)",
					"DEBUG=1",
				);
				INFOPLIST_FILE = "$(SRCROOT)/BlackHole/BlackHole-Info.plist";
				INSTALL_PATH = "$(LOCAL_LIBRARY_DIR)/Audio/Plug-Ins/HAL";
				MACOSX_DEPLOYMENT_TARGET = 10.10;
				MARKETING_VERSION = 0.2.7;
				PRODUCT_BUNDLE_IDENTIFIER = audio.existential.BlackHole;
				PRODUCT_NAME = "$(TARGET_NAME)";
				WRAPPER_EXTENSION = driver;
			};
			name = "Debug-Opt";
		};
/* End XCBuildConfiguration section */

/* Begin XCConfigurationList section */
		2D7477A01578162B00412279 /* Build configuration list for PBXProject "BlackHole" */ = {
			isa = XCConfigurationList;
			buildConfigurations = (
				2D7477A21578162B00412279 /* Release */,
				2D7477A31578162B00412279 /* Debug */,
				2D7477A41578164E00412279 /* Debug-Opt */,
			);
			defaultConfigurationIsVisible = 0;
			defaultConfigurationName = Release;
		};
		2D7477B51578168D00412279 /* Build configuration list for PBXNativeTarget "BlackHole" */ = {
			isa = XCConfigurationList;
			buildConfigurations = (
				2D7477B61578168D00412279 /* Release */,
				2D7477B71578168D00412279 /* Debug */,
				2D7477B81578168D00412279 /* Debug-Opt */,
			);
			defaultConfigurationIsVisible = 0;
			defaultConfigurationName = Release;
		};
/* End XCConfigurationList section */
	};
	rootObject = 2D74779D1578162B00412279 /* Project object */;
}
