// !$*UTF8*$!
{
	archiveVersion = 1;
	classes = {
	};
	objectVersion = 46;
	objects = {

/* Begin PBXBuildFile section */
		3D083818284A7F1200C69403 /* VERSION in Resources */ = {isa = PBXBuildFile; fileRef = 3D89662F2849BF1A002AB3F0 /* VERSION */; };
		3D083819284A7F1500C69403 /* README.md in Resources */ = {isa = PBXBuildFile; fileRef = 2DA8FA1515FEAAB000F04B50 /* README.md */; };
		3D88D48F285BBA5800629399 /* main.c in Sources */ = {isa = PBXBuildFile; fileRef = 3D88D48E285BBA5800629399 /* main.c */; };
		3D89663F2849C318002AB3F0 /* BlackHole.c in Sources */ = {isa = PBXBuildFile; fileRef = 2D616EF215B8C82500D598BD /* BlackHole.c */; };
		3D8966412849C318002AB3F0 /* Accelerate.framework in Frameworks */ = {isa = PBXBuildFile; fileRef = 3D6C8E45275E92B40030C104 /* Accelerate.framework */; };
		3D8966422849C318002AB3F0 /* CoreAudio.framework in Frameworks */ = {isa = PBXBuildFile; fileRef = 2D7477EC157823CF00412279 /* CoreAudio.framework */; };
		3D8966432849C318002AB3F0 /* CoreFoundation.framework in Frameworks */ = {isa = PBXBuildFile; fileRef = 2D7477AC1578168D00412279 /* CoreFoundation.framework */; };
		3D8966462849C318002AB3F0 /* LICENSE in Resources */ = {isa = PBXBuildFile; fileRef = 03FDCADB233FAE0500101681 /* LICENSE */; };
		3D8966472849C318002AB3F0 /* BlackHole.icns in Resources */ = {isa = PBXBuildFile; fileRef = 03FDCAD9233F235500101681 /* BlackHole.icns */; };
		3D8966482849C318002AB3F0 /* CHANGELOG.md in Resources */ = {isa = PBXBuildFile; fileRef = 039FF2572341B6E800400D7A /* CHANGELOG.md */; };
/* End PBXBuildFile section */

/* Begin PBXCopyFilesBuildPhase section */
		3D88D48A285BBA5800629399 /* CopyFiles */ = {
			isa = PBXCopyFilesBuildPhase;
			buildActionMask = 2147483647;
			dstPath = /usr/share/man/man1/;
			dstSubfolderSpec = 0;
			files = (
			);
			runOnlyForDeploymentPostprocessing = 1;
		};
/* End PBXCopyFilesBuildPhase section */

/* Begin PBXFileReference section */
		039FF2572341B6E800400D7A /* CHANGELOG.md */ = {isa = PBXFileReference; fileEncoding = 4; lastKnownFileType = net.daringfireball.markdown; path = CHANGELOG.md; sourceTree = "<group>"; };
		03FDCAD9233F235500101681 /* BlackHole.icns */ = {isa = PBXFileReference; lastKnownFileType = image.icns; path = BlackHole.icns; sourceTree = "<group>"; };
		03FDCADB233FAE0500101681 /* LICENSE */ = {isa = PBXFileReference; fileEncoding = 4; lastKnownFileType = text; path = LICENSE; sourceTree = "<group>"; };
		2D616EF215B8C82500D598BD /* BlackHole.c */ = {isa = PBXFileReference; fileEncoding = 4; lastKnownFileType = sourcecode.c.c; path = BlackHole.c; sourceTree = "<group>"; };
		2D7477AC1578168D00412279 /* CoreFoundation.framework */ = {isa = PBXFileReference; lastKnownFileType = wrapper.framework; name = CoreFoundation.framework; path = System/Library/Frameworks/CoreFoundation.framework; sourceTree = SDKROOT; };
		2D7477EC157823CF00412279 /* CoreAudio.framework */ = {isa = PBXFileReference; lastKnownFileType = wrapper.framework; name = CoreAudio.framework; path = System/Library/Frameworks/CoreAudio.framework; sourceTree = SDKROOT; };
		2DA8FA1515FEAAB000F04B50 /* README.md */ = {isa = PBXFileReference; lastKnownFileType = net.daringfireball.markdown; path = README.md; sourceTree = "<group>"; };
		2DD7AA9915EC572000C67AE1 /* IOKit.framework */ = {isa = PBXFileReference; lastKnownFileType = wrapper.framework; name = IOKit.framework; path = System/Library/Frameworks/IOKit.framework; sourceTree = SDKROOT; };
		2DED183A15C357180091BE97 /* Kernel.framework */ = {isa = PBXFileReference; lastKnownFileType = wrapper.framework; name = Kernel.framework; path = System/Library/Frameworks/Kernel.framework; sourceTree = SDKROOT; };
		3D083806284A7BB000C69403 /* conclusion.html */ = {isa = PBXFileReference; lastKnownFileType = text.html; path = conclusion.html; sourceTree = "<group>"; };
		3D083807284A7BB000C69403 /* requirements.xml */ = {isa = PBXFileReference; lastKnownFileType = text.xml; path = requirements.xml; sourceTree = "<group>"; };
		3D083808284A7BB000C69403 /* welcome.html */ = {isa = PBXFileReference; lastKnownFileType = text.html; path = welcome.html; sourceTree = "<group>"; };
		3D08380E284A7DE100C69403 /* BlackHole.plist */ = {isa = PBXFileReference; lastKnownFileType = text.plist.xml; path = BlackHole.plist; sourceTree = "<group>"; };
		3D08381B284AA8EE00C69403 /* create_installer.sh */ = {isa = PBXFileReference; lastKnownFileType = text.script.sh; path = create_installer.sh; sourceTree = "<group>"; };
		3D6C8E45275E92B40030C104 /* Accelerate.framework */ = {isa = PBXFileReference; lastKnownFileType = wrapper.framework; name = Accelerate.framework; path = System/Library/Frameworks/Accelerate.framework; sourceTree = SDKROOT; };
		3D88D48C285BBA5800629399 /* BlackHoleTests */ = {isa = PBXFileReference; explicitFileType = "compiled.mach-o.executable"; includeInIndex = 0; path = BlackHoleTests; sourceTree = BUILT_PRODUCTS_DIR; };
		3D88D48E285BBA5800629399 /* main.c */ = {isa = PBXFileReference; lastKnownFileType = sourcecode.c.c; path = main.c; sourceTree = "<group>"; };
		3D89662F2849BF1A002AB3F0 /* VERSION */ = {isa = PBXFileReference; lastKnownFileType = text; path = VERSION; sourceTree = "<group>"; };
		3D89664D2849C318002AB3F0 /* BlackHole.driver */ = {isa = PBXFileReference; explicitFileType = wrapper.cfbundle; includeInIndex = 0; path = BlackHole.driver; sourceTree = BUILT_PRODUCTS_DIR; };
		3D8966882849D45F002AB3F0 /* postinstall */ = {isa = PBXFileReference; lastKnownFileType = text.script.sh; path = postinstall; sourceTree = "<group>"; };
		3D8966892849D45F002AB3F0 /* preinstall */ = {isa = PBXFileReference; lastKnownFileType = text.script.sh; path = preinstall; sourceTree = "<group>"; };
/* End PBXFileReference section */

/* Begin PBXFrameworksBuildPhase section */
		3D88D489285BBA5800629399 /* Frameworks */ = {
			isa = PBXFrameworksBuildPhase;
			buildActionMask = 2147483647;
			files = (
			);
			runOnlyForDeploymentPostprocessing = 0;
		};
		3D8966402849C318002AB3F0 /* Frameworks */ = {
			isa = PBXFrameworksBuildPhase;
			buildActionMask = 2147483647;
			files = (
				3D8966412849C318002AB3F0 /* Accelerate.framework in Frameworks */,
				3D8966422849C318002AB3F0 /* CoreAudio.framework in Frameworks */,
				3D8966432849C318002AB3F0 /* CoreFoundation.framework in Frameworks */,
			);
			runOnlyForDeploymentPostprocessing = 0;
		};
/* End PBXFrameworksBuildPhase section */

/* Begin PBXGroup section */
		2D616EF015B8C82500D598BD /* BlackHole */ = {
			isa = PBXGroup;
			children = (
				3D08380E284A7DE100C69403 /* BlackHole.plist */,
				03FDCAD9233F235500101681 /* BlackHole.icns */,
				2D616EF215B8C82500D598BD /* BlackHole.c */,
			);
			path = BlackHole;
			sourceTree = "<group>";
		};
		2D74779B1578162B00412279 = {
			isa = PBXGroup;
			children = (
				3D083805284A7BB000C69403 /* Installer */,
				3D89662F2849BF1A002AB3F0 /* VERSION */,
				2DA8FA1515FEAAB000F04B50 /* README.md */,
				03FDCADB233FAE0500101681 /* LICENSE */,
				039FF2572341B6E800400D7A /* CHANGELOG.md */,
				2D616EF015B8C82500D598BD /* BlackHole */,
				3D88D48D285BBA5800629399 /* BlackHoleTests */,
				2D7477AB1578168D00412279 /* Frameworks */,
				2D7477AA1578168D00412279 /* Products */,
			);
			sourceTree = "<group>";
		};
		2D7477AA1578168D00412279 /* Products */ = {
			isa = PBXGroup;
			children = (
				3D89664D2849C318002AB3F0 /* BlackHole.driver */,
				3D88D48C285BBA5800629399 /* BlackHoleTests */,
			);
			name = Products;
			sourceTree = "<group>";
		};
		2D7477AB1578168D00412279 /* Frameworks */ = {
			isa = PBXGroup;
			children = (
				3D6C8E45275E92B40030C104 /* Accelerate.framework */,
				2D7477EC157823CF00412279 /* CoreAudio.framework */,
				2D7477AC1578168D00412279 /* CoreFoundation.framework */,
				2DD7AA9915EC572000C67AE1 /* IOKit.framework */,
				2DED183A15C357180091BE97 /* Kernel.framework */,
			);
			name = Frameworks;
			sourceTree = "<group>";
		};
		3D083805284A7BB000C69403 /* Installer */ = {
			isa = PBXGroup;
			children = (
				3D08381B284AA8EE00C69403 /* create_installer.sh */,
				3D8966872849D45F002AB3F0 /* scripts */,
				3D083806284A7BB000C69403 /* conclusion.html */,
				3D083807284A7BB000C69403 /* requirements.xml */,
				3D083808284A7BB000C69403 /* welcome.html */,
			);
			path = Installer;
			sourceTree = "<group>";
		};
		3D88D48D285BBA5800629399 /* BlackHoleTests */ = {
			isa = PBXGroup;
			children = (
				3D88D48E285BBA5800629399 /* main.c */,
			);
			path = BlackHoleTests;
			sourceTree = "<group>";
		};
		3D8966872849D45F002AB3F0 /* scripts */ = {
			isa = PBXGroup;
			children = (
				3D8966882849D45F002AB3F0 /* postinstall */,
				3D8966892849D45F002AB3F0 /* preinstall */,
			);
			path = scripts;
			sourceTree = "<group>";
		};
/* End PBXGroup section */

/* Begin PBXNativeTarget section */
		3D88D48B285BBA5800629399 /* BlackHoleTests */ = {
			isa = PBXNativeTarget;
			buildConfigurationList = 3D88D493285BBA5800629399 /* Build configuration list for PBXNativeTarget "BlackHoleTests" */;
			buildPhases = (
				3D88D488285BBA5800629399 /* Sources */,
				3D88D489285BBA5800629399 /* Frameworks */,
				3D88D48A285BBA5800629399 /* CopyFiles */,
			);
			buildRules = (
			);
			dependencies = (
			);
			name = BlackHoleTests;
			productName = BlackHoleTests;
			productReference = 3D88D48C285BBA5800629399 /* BlackHoleTests */;
			productType = "com.apple.product-type.tool";
		};
		3D89663D2849C318002AB3F0 /* BlackHole */ = {
			isa = PBXNativeTarget;
			buildConfigurationList = 3D8966492849C318002AB3F0 /* Build configuration list for PBXNativeTarget "BlackHole" */;
			buildPhases = (
				3D89663E2849C318002AB3F0 /* Sources */,
				3D8966402849C318002AB3F0 /* Frameworks */,
				3D8966452849C318002AB3F0 /* Resources */,
			);
			buildRules = (
			);
			dependencies = (
			);
			name = BlackHole;
			productName = AudioNULLDriver;
			productReference = 3D89664D2849C318002AB3F0 /* BlackHole.driver */;
			productType = "com.apple.product-type.bundle";
		};
/* End PBXNativeTarget section */

/* Begin PBXProject section */
		2D74779D1578162B00412279 /* Project object */ = {
			isa = PBXProject;
			attributes = {
				LastUpgradeCheck = 1220;
				TargetAttributes = {
					3D88D48B285BBA5800629399 = {
						CreatedOnToolsVersion = 13.4;
						DevelopmentTeam = Q5C99V536K;
						ProvisioningStyle = Automatic;
					};
					3D89663D2849C318002AB3F0 = {
						DevelopmentTeam = Q5C99V536K;
					};
				};
			};
			buildConfigurationList = 2D7477A01578162B00412279 /* Build configuration list for PBXProject "BlackHole" */;
			compatibilityVersion = "Xcode 3.2";
			developmentRegion = en;
			hasScannedForEncodings = 0;
			knownRegions = (
				en,
				Base,
			);
			mainGroup = 2D74779B1578162B00412279;
			productRefGroup = 2D7477AA1578168D00412279 /* Products */;
			projectDirPath = "";
			projectRoot = "";
			targets = (
				3D89663D2849C318002AB3F0 /* BlackHole */,
				3D88D48B285BBA5800629399 /* BlackHoleTests */,
			);
		};
/* End PBXProject section */

/* Begin PBXResourcesBuildPhase section */
		3D8966452849C318002AB3F0 /* Resources */ = {
			isa = PBXResourcesBuildPhase;
			buildActionMask = 2147483647;
			files = (
				3D8966462849C318002AB3F0 /* LICENSE in Resources */,
				3D8966472849C318002AB3F0 /* BlackHole.icns in Resources */,
				3D8966482849C318002AB3F0 /* CHANGELOG.md in Resources */,
				3D083818284A7F1200C69403 /* VERSION in Resources */,
				3D083819284A7F1500C69403 /* README.md in Resources */,
			);
			runOnlyForDeploymentPostprocessing = 0;
		};
/* End PBXResourcesBuildPhase section */

/* Begin PBXSourcesBuildPhase section */
		3D88D488285BBA5800629399 /* Sources */ = {
			isa = PBXSourcesBuildPhase;
			buildActionMask = 2147483647;
			files = (
				3D88D48F285BBA5800629399 /* main.c in Sources */,
			);
			runOnlyForDeploymentPostprocessing = 0;
		};
		3D89663E2849C318002AB3F0 /* Sources */ = {
			isa = PBXSourcesBuildPhase;
			buildActionMask = 2147483647;
			files = (
				3D89663F2849C318002AB3F0 /* BlackHole.c in Sources */,
			);
			runOnlyForDeploymentPostprocessing = 0;
		};
/* End PBXSourcesBuildPhase section */

/* Begin XCBuildConfiguration section */
		2D7477A21578162B00412279 /* Release */ = {
			isa = XCBuildConfiguration;
			buildSettings = {
				CLANG_ANALYZER_LOCALIZABILITY_NONLOCALIZED = YES;
				CLANG_CXX_LANGUAGE_STANDARD = "c++0x";
				CLANG_CXX_LIBRARY = "libc++";
				CLANG_WARN_BLOCK_CAPTURE_AUTORELEASING = YES;
				CLANG_WARN_BOOL_CONVERSION = YES;
				CLANG_WARN_COMMA = YES;
				CLANG_WARN_CONSTANT_CONVERSION = YES;
				CLANG_WARN_DEPRECATED_OBJC_IMPLEMENTATIONS = YES;
				CLANG_WARN_EMPTY_BODY = YES;
				CLANG_WARN_ENUM_CONVERSION = YES;
				CLANG_WARN_IMPLICIT_SIGN_CONVERSION = NO;
				CLANG_WARN_INFINITE_RECURSION = YES;
				CLANG_WARN_INT_CONVERSION = YES;
				CLANG_WARN_NON_LITERAL_NULL_CONVERSION = YES;
				CLANG_WARN_OBJC_IMPLICIT_RETAIN_SELF = YES;
				CLANG_WARN_OBJC_LITERAL_CONVERSION = YES;
				CLANG_WARN_QUOTED_INCLUDE_IN_FRAMEWORK_HEADER = YES;
				CLANG_WARN_RANGE_LOOP_ANALYSIS = YES;
				CLANG_WARN_STRICT_PROTOTYPES = YES;
				CLANG_WARN_SUSPICIOUS_MOVE = YES;
				CLANG_WARN_UNREACHABLE_CODE = YES;
				CLANG_WARN__DUPLICATE_METHOD_MATCH = YES;
				CLANG_WARN__EXIT_TIME_DESTRUCTORS = YES;
				DEAD_CODE_STRIPPING = YES;
				DEBUG_INFORMATION_FORMAT = "dwarf-with-dsym";
				ENABLE_STRICT_OBJC_MSGSEND = YES;
				GCC_NO_COMMON_BLOCKS = YES;
				GCC_OPTIMIZATION_LEVEL = s;
				GCC_WARN_64_TO_32_BIT_CONVERSION = YES;
				GCC_WARN_ABOUT_MISSING_FIELD_INITIALIZERS = YES;
				GCC_WARN_ABOUT_MISSING_NEWLINE = YES;
				GCC_WARN_ABOUT_MISSING_PROTOTYPES = YES;
				GCC_WARN_ABOUT_RETURN_TYPE = YES;
				GCC_WARN_HIDDEN_VIRTUAL_FUNCTIONS = YES;
				GCC_WARN_INITIALIZER_NOT_FULLY_BRACKETED = YES;
				GCC_WARN_NON_VIRTUAL_DESTRUCTOR = YES;
				GCC_WARN_SHADOW = YES;
				GCC_WARN_SIGN_COMPARE = YES;
				GCC_WARN_UNDECLARED_SELECTOR = YES;
				GCC_WARN_UNINITIALIZED_AUTOS = YES;
				GCC_WARN_UNKNOWN_PRAGMAS = YES;
				GCC_WARN_UNUSED_FUNCTION = YES;
				GCC_WARN_UNUSED_LABEL = YES;
				GCC_WARN_UNUSED_PARAMETER = YES;
				GCC_WARN_UNUSED_VARIABLE = YES;
				SDKROOT = macosx;
			};
			name = Release;
		};
		2D7477A31578162B00412279 /* Debug */ = {
			isa = XCBuildConfiguration;
			buildSettings = {
				CLANG_ANALYZER_LOCALIZABILITY_NONLOCALIZED = YES;
				CLANG_CXX_LANGUAGE_STANDARD = "c++0x";
				CLANG_CXX_LIBRARY = "libc++";
				CLANG_WARN_BLOCK_CAPTURE_AUTORELEASING = YES;
				CLANG_WARN_BOOL_CONVERSION = YES;
				CLANG_WARN_COMMA = YES;
				CLANG_WARN_CONSTANT_CONVERSION = YES;
				CLANG_WARN_DEPRECATED_OBJC_IMPLEMENTATIONS = YES;
				CLANG_WARN_EMPTY_BODY = YES;
				CLANG_WARN_ENUM_CONVERSION = YES;
				CLANG_WARN_IMPLICIT_SIGN_CONVERSION = NO;
				CLANG_WARN_INFINITE_RECURSION = YES;
				CLANG_WARN_INT_CONVERSION = YES;
				CLANG_WARN_NON_LITERAL_NULL_CONVERSION = YES;
				CLANG_WARN_OBJC_IMPLICIT_RETAIN_SELF = YES;
				CLANG_WARN_OBJC_LITERAL_CONVERSION = YES;
				CLANG_WARN_QUOTED_INCLUDE_IN_FRAMEWORK_HEADER = YES;
				CLANG_WARN_RANGE_LOOP_ANALYSIS = YES;
				CLANG_WARN_STRICT_PROTOTYPES = YES;
				CLANG_WARN_SUSPICIOUS_MOVE = YES;
				CLANG_WARN_UNREACHABLE_CODE = YES;
				CLANG_WARN__DUPLICATE_METHOD_MATCH = YES;
				CLANG_WARN__EXIT_TIME_DESTRUCTORS = YES;
				DEAD_CODE_STRIPPING = YES;
				DEBUG_INFORMATION_FORMAT = "dwarf-with-dsym";
				ENABLE_STRICT_OBJC_MSGSEND = YES;
				ENABLE_TESTABILITY = YES;
				GCC_NO_COMMON_BLOCKS = YES;
				GCC_OPTIMIZATION_LEVEL = 0;
				GCC_WARN_64_TO_32_BIT_CONVERSION = YES;
				GCC_WARN_ABOUT_MISSING_FIELD_INITIALIZERS = YES;
				GCC_WARN_ABOUT_MISSING_NEWLINE = YES;
				GCC_WARN_ABOUT_MISSING_PROTOTYPES = YES;
				GCC_WARN_ABOUT_RETURN_TYPE = YES;
				GCC_WARN_HIDDEN_VIRTUAL_FUNCTIONS = YES;
				GCC_WARN_INITIALIZER_NOT_FULLY_BRACKETED = YES;
				GCC_WARN_NON_VIRTUAL_DESTRUCTOR = YES;
				GCC_WARN_SHADOW = YES;
				GCC_WARN_SIGN_COMPARE = YES;
				GCC_WARN_UNDECLARED_SELECTOR = YES;
				GCC_WARN_UNINITIALIZED_AUTOS = YES;
				GCC_WARN_UNKNOWN_PRAGMAS = YES;
				GCC_WARN_UNUSED_FUNCTION = YES;
				GCC_WARN_UNUSED_LABEL = YES;
				GCC_WARN_UNUSED_PARAMETER = YES;
				GCC_WARN_UNUSED_VARIABLE = YES;
				ONLY_ACTIVE_ARCH = YES;
				SDKROOT = macosx;
			};
			name = Debug;
		};
		2D7477A41578164E00412279 /* Debug-Opt */ = {
			isa = XCBuildConfiguration;
			buildSettings = {
				CLANG_ANALYZER_LOCALIZABILITY_NONLOCALIZED = YES;
				CLANG_CXX_LANGUAGE_STANDARD = "c++0x";
				CLANG_CXX_LIBRARY = "libc++";
				CLANG_WARN_BLOCK_CAPTURE_AUTORELEASING = YES;
				CLANG_WARN_BOOL_CONVERSION = YES;
				CLANG_WARN_COMMA = YES;
				CLANG_WARN_CONSTANT_CONVERSION = YES;
				CLANG_WARN_DEPRECATED_OBJC_IMPLEMENTATIONS = YES;
				CLANG_WARN_EMPTY_BODY = YES;
				CLANG_WARN_ENUM_CONVERSION = YES;
				CLANG_WARN_IMPLICIT_SIGN_CONVERSION = NO;
				CLANG_WARN_INFINITE_RECURSION = YES;
				CLANG_WARN_INT_CONVERSION = YES;
				CLANG_WARN_NON_LITERAL_NULL_CONVERSION = YES;
				CLANG_WARN_OBJC_IMPLICIT_RETAIN_SELF = YES;
				CLANG_WARN_OBJC_LITERAL_CONVERSION = YES;
				CLANG_WARN_QUOTED_INCLUDE_IN_FRAMEWORK_HEADER = YES;
				CLANG_WARN_RANGE_LOOP_ANALYSIS = YES;
				CLANG_WARN_STRICT_PROTOTYPES = YES;
				CLANG_WARN_SUSPICIOUS_MOVE = YES;
				CLANG_WARN_UNREACHABLE_CODE = YES;
				CLANG_WARN__DUPLICATE_METHOD_MATCH = YES;
				CLANG_WARN__EXIT_TIME_DESTRUCTORS = YES;
				DEAD_CODE_STRIPPING = YES;
				DEBUG_INFORMATION_FORMAT = "dwarf-with-dsym";
				ENABLE_STRICT_OBJC_MSGSEND = YES;
				ENABLE_TESTABILITY = YES;
				GCC_NO_COMMON_BLOCKS = YES;
				GCC_OPTIMIZATION_LEVEL = s;
				GCC_WARN_64_TO_32_BIT_CONVERSION = YES;
				GCC_WARN_ABOUT_MISSING_FIELD_INITIALIZERS = YES;
				GCC_WARN_ABOUT_MISSING_NEWLINE = YES;
				GCC_WARN_ABOUT_MISSING_PROTOTYPES = YES;
				GCC_WARN_ABOUT_RETURN_TYPE = YES;
				GCC_WARN_HIDDEN_VIRTUAL_FUNCTIONS = YES;
				GCC_WARN_INITIALIZER_NOT_FULLY_BRACKETED = YES;
				GCC_WARN_NON_VIRTUAL_DESTRUCTOR = YES;
				GCC_WARN_SHADOW = YES;
				GCC_WARN_SIGN_COMPARE = YES;
				GCC_WARN_UNDECLARED_SELECTOR = YES;
				GCC_WARN_UNINITIALIZED_AUTOS = YES;
				GCC_WARN_UNKNOWN_PRAGMAS = YES;
				GCC_WARN_UNUSED_FUNCTION = YES;
				GCC_WARN_UNUSED_LABEL = YES;
				GCC_WARN_UNUSED_PARAMETER = YES;
				GCC_WARN_UNUSED_VARIABLE = YES;
				ONLY_ACTIVE_ARCH = YES;
				SDKROOT = macosx;
			};
			name = "Debug-Opt";
		};
		3D88D490285BBA5800629399 /* Release */ = {
			isa = XCBuildConfiguration;
			buildSettings = {
				ALWAYS_SEARCH_USER_PATHS = NO;
				CLANG_ANALYZER_NONNULL = YES;
				CLANG_ANALYZER_NUMBER_OBJECT_CONVERSION = YES_AGGRESSIVE;
				CLANG_CXX_LANGUAGE_STANDARD = "gnu++17";
				CLANG_ENABLE_MODULES = YES;
				CLANG_ENABLE_OBJC_ARC = YES;
				CLANG_ENABLE_OBJC_WEAK = YES;
				CLANG_WARN_DIRECT_OBJC_ISA_USAGE = YES_ERROR;
				CLANG_WARN_DOCUMENTATION_COMMENTS = YES;
				CLANG_WARN_OBJC_ROOT_CLASS = YES_ERROR;
				CLANG_WARN_UNGUARDED_AVAILABILITY = YES_AGGRESSIVE;
				CODE_SIGN_STYLE = Automatic;
				COPY_PHASE_STRIP = NO;
				DEVELOPMENT_TEAM = Q5C99V536K;
				ENABLE_HARDENED_RUNTIME = YES;
				ENABLE_NS_ASSERTIONS = NO;
				GCC_C_LANGUAGE_STANDARD = gnu11;
				GCC_WARN_ABOUT_RETURN_TYPE = YES_ERROR;
				GCC_WARN_UNINITIALIZED_AUTOS = YES_AGGRESSIVE;
				MACOSX_DEPLOYMENT_TARGET = 12.3;
				MTL_ENABLE_DEBUG_INFO = NO;
				MTL_FAST_MATH = YES;
				PRODUCT_NAME = "$(TARGET_NAME)";
			};
			name = Release;
		};
		3D88D491285BBA5800629399 /* Debug */ = {
			isa = XCBuildConfiguration;
			buildSettings = {
				ALWAYS_SEARCH_USER_PATHS = NO;
				CLANG_ANALYZER_NONNULL = YES;
				CLANG_ANALYZER_NUMBER_OBJECT_CONVERSION = YES_AGGRESSIVE;
				CLANG_CXX_LANGUAGE_STANDARD = "gnu++17";
				CLANG_ENABLE_MODULES = YES;
				CLANG_ENABLE_OBJC_ARC = YES;
				CLANG_ENABLE_OBJC_WEAK = YES;
				CLANG_WARN_DIRECT_OBJC_ISA_USAGE = YES_ERROR;
				CLANG_WARN_DOCUMENTATION_COMMENTS = YES;
				CLANG_WARN_OBJC_ROOT_CLASS = YES_ERROR;
				CLANG_WARN_UNGUARDED_AVAILABILITY = YES_AGGRESSIVE;
				CODE_SIGN_STYLE = Automatic;
				COPY_PHASE_STRIP = NO;
				DEBUG_INFORMATION_FORMAT = dwarf;
				DEVELOPMENT_TEAM = Q5C99V536K;
				ENABLE_HARDENED_RUNTIME = YES;
				GCC_C_LANGUAGE_STANDARD = gnu11;
				GCC_DYNAMIC_NO_PIC = NO;
				GCC_PREPROCESSOR_DEFINITIONS = (
					"DEBUG=1",
					"$(inherited)",
				);
				GCC_WARN_ABOUT_RETURN_TYPE = YES_ERROR;
				GCC_WARN_UNINITIALIZED_AUTOS = YES_AGGRESSIVE;
				MACOSX_DEPLOYMENT_TARGET = 12.3;
				MTL_ENABLE_DEBUG_INFO = INCLUDE_SOURCE;
				MTL_FAST_MATH = YES;
				PRODUCT_NAME = "$(TARGET_NAME)";
			};
			name = Debug;
		};
		3D88D492285BBA5800629399 /* Debug-Opt */ = {
			isa = XCBuildConfiguration;
			buildSettings = {
				ALWAYS_SEARCH_USER_PATHS = NO;
				CLANG_ANALYZER_NONNULL = YES;
				CLANG_ANALYZER_NUMBER_OBJECT_CONVERSION = YES_AGGRESSIVE;
				CLANG_CXX_LANGUAGE_STANDARD = "gnu++17";
				CLANG_ENABLE_MODULES = YES;
				CLANG_ENABLE_OBJC_ARC = YES;
				CLANG_ENABLE_OBJC_WEAK = YES;
				CLANG_WARN_DIRECT_OBJC_ISA_USAGE = YES_ERROR;
				CLANG_WARN_DOCUMENTATION_COMMENTS = YES;
				CLANG_WARN_OBJC_ROOT_CLASS = YES_ERROR;
				CLANG_WARN_UNGUARDED_AVAILABILITY = YES_AGGRESSIVE;
				CODE_SIGN_STYLE = Automatic;
				COPY_PHASE_STRIP = NO;
				DEBUG_INFORMATION_FORMAT = dwarf;
				DEVELOPMENT_TEAM = Q5C99V536K;
				ENABLE_HARDENED_RUNTIME = YES;
				GCC_C_LANGUAGE_STANDARD = gnu11;
				GCC_DYNAMIC_NO_PIC = NO;
				GCC_PREPROCESSOR_DEFINITIONS = (
					"DEBUG=1",
					"$(inherited)",
				);
				GCC_WARN_ABOUT_RETURN_TYPE = YES_ERROR;
				GCC_WARN_UNINITIALIZED_AUTOS = YES_AGGRESSIVE;
				MACOSX_DEPLOYMENT_TARGET = 12.3;
				MTL_ENABLE_DEBUG_INFO = INCLUDE_SOURCE;
				MTL_FAST_MATH = YES;
				PRODUCT_NAME = "$(TARGET_NAME)";
			};
			name = "Debug-Opt";
		};
		3D89664A2849C318002AB3F0 /* Release */ = {
			isa = XCBuildConfiguration;
			buildSettings = {
				ALWAYS_SEARCH_USER_PATHS = NO;
				CLANG_ENABLE_OBJC_WEAK = YES;
				DEVELOPMENT_TEAM = Q5C99V536K;
				GCC_PREPROCESSOR_DEFINITIONS = (
					"$(inherited)",
					"DEBUG=0",
				);
				INFOPLIST_FILE = BlackHole/BlackHole.plist;
				INSTALL_PATH = "$(LOCAL_LIBRARY_DIR)/Audio/Plug-Ins/HAL";
				MACOSX_DEPLOYMENT_TARGET = 10.10;
				MARKETING_VERSION = 0.5.1;
				PRODUCT_BUNDLE_IDENTIFIER = audio.existential.BlackHole;
				PRODUCT_NAME = "$(TARGET_NAME)";
				WRAPPER_EXTENSION = driver;
			};
			name = Release;
		};
		3D89664B2849C318002AB3F0 /* Debug */ = {
			isa = XCBuildConfiguration;
			buildSettings = {
				ALWAYS_SEARCH_USER_PATHS = NO;
				CLANG_ENABLE_OBJC_WEAK = YES;
				DEVELOPMENT_TEAM = Q5C99V536K;
				GCC_PREPROCESSOR_DEFINITIONS = (
					"$(inherited)",
					"DEBUG=1",
				);
				INFOPLIST_FILE = BlackHole/BlackHole.plist;
				INSTALL_PATH = "$(LOCAL_LIBRARY_DIR)/Audio/Plug-Ins/HAL";
				MACOSX_DEPLOYMENT_TARGET = 10.10;
				MARKETING_VERSION = 0.5.1;
				PRODUCT_BUNDLE_IDENTIFIER = audio.existential.BlackHole;
				PRODUCT_NAME = "$(TARGET_NAME)";
				WRAPPER_EXTENSION = driver;
			};
			name = Debug;
		};
		3D89664C2849C318002AB3F0 /* Debug-Opt */ = {
			isa = XCBuildConfiguration;
			buildSettings = {
				ALWAYS_SEARCH_USER_PATHS = NO;
				CLANG_ENABLE_OBJC_WEAK = YES;
				DEVELOPMENT_TEAM = Q5C99V536K;
				GCC_PREPROCESSOR_DEFINITIONS = (
					"$(inherited)",
					"DEBUG=1",
				);
				INFOPLIST_FILE = BlackHole/BlackHole.plist;
				INSTALL_PATH = "$(LOCAL_LIBRARY_DIR)/Audio/Plug-Ins/HAL";
				MACOSX_DEPLOYMENT_TARGET = 10.10;
				MARKETING_VERSION = 0.5.1;
				PRODUCT_BUNDLE_IDENTIFIER = audio.existential.BlackHole;
				PRODUCT_NAME = "$(TARGET_NAME)";
				WRAPPER_EXTENSION = driver;
			};
			name = "Debug-Opt";
		};
/* End XCBuildConfiguration section */

/* Begin XCConfigurationList section */
		2D7477A01578162B00412279 /* Build configuration list for PBXProject "BlackHole" */ = {
			isa = XCConfigurationList;
			buildConfigurations = (
				2D7477A21578162B00412279 /* Release */,
				2D7477A31578162B00412279 /* Debug */,
				2D7477A41578164E00412279 /* Debug-Opt */,
			);
			defaultConfigurationIsVisible = 0;
			defaultConfigurationName = Release;
		};
		3D88D493285BBA5800629399 /* Build configuration list for PBXNativeTarget "BlackHoleTests" */ = {
			isa = XCConfigurationList;
			buildConfigurations = (
				3D88D490285BBA5800629399 /* Release */,
				3D88D491285BBA5800629399 /* Debug */,
				3D88D492285BBA5800629399 /* Debug-Opt */,
			);
			defaultConfigurationIsVisible = 0;
			defaultConfigurationName = Release;
		};
		3D8966492849C318002AB3F0 /* Build configuration list for PBXNativeTarget "BlackHole" */ = {
			isa = XCConfigurationList;
			buildConfigurations = (
				3D89664A2849C318002AB3F0 /* Release */,
				3D89664B2849C318002AB3F0 /* Debug */,
				3D89664C2849C318002AB3F0 /* Debug-Opt */,
			);
			defaultConfigurationIsVisible = 0;
			defaultConfigurationName = Release;
		};
/* End XCConfigurationList section */
	};
	rootObject = 2D74779D1578162B00412279 /* Project object */;
}
